filippo.io/edwards25519 v1.2.0 h1:crnVqOiS4jqYleHd9vaKZ+HKtHfllngJIiOpNpoJsjo=
filippo.io/edwards25519 v1.2.0/go.mod h1:xzAOLCNug/yB62zG1bQ8uziwrIqIuxhctzJT18Q77mc=
github.com/armon/circbuf v0.0.0-20190214190532-5111143e8da2 h1:7Ip0wMmLHLRJdrloDxZfhMm0xrLXZS8+COSu2bXmEQs=
github.com/armon/circbuf v0.0.0-20190214190532-5111143e8da2/go.mod h1:3U/XgcO3hCbHZ8TKRvWD2dDTCfh9M9ya+I9JpbB7O8o=
github.com/beevik/ntp v1.5.0 h1:y+uj/JjNwlY2JahivxYvtmv4ehfi3h74fAuABB9ZSM4=
github.com/beevik/ntp v1.5.0/go.mod h1:mJEhBrwT76w9D+IfOEGvuzyuudiW9E52U2BaTrMOYow=
github.com/cenkalti/backoff/v5 v5.0.3 h1:ZN+IMa753KfX5hd8vVaMixjnqRZ3y8CuJKRKj1xcsSM=
github.com/cenkalti/backoff/v5 v5.0.3/go.mod h1:rkhZdG3JZukswDf7f0cwqPNk4K0sa+F97BxZthm/crw=
github.com/cespare/xxhash/v2 v2.3.0 h1:UL815xU9SqsFlibzuggzjXhog7bL6oX9BbNZnL2UFvs=
github.com/cespare/xxhash/v2 v2.3.0/go.mod h1:VGX0DQ3Q6kWi7AoAeZDth3/j3BFtOZR5XLFGgcrjCOs=
github.com/cretz/bine v0.2.0 h1:8GiDRGlTgz+o8H9DSnsl+5MeBK4HsExxgl6WgzOCuZo=
github.com/cretz/bine v0.2.0/go.mod h1:WU4o9QR9wWp8AVKtTM1XD5vUHkEqnf2vVSo6dBqbetI=
github.com/davecgh/go-spew v1.1.0/go.mod h1:J7Y8YcW2NihsgmVo/mv3lAwl/skON4iLHjSsI+c5H38=
github.com/davecgh/go-spew v1.1.1/go.mod h1:J7Y8YcW2NihsgmVo/mv3lAwl/skON4iLHjSsI+c5H38=
github.com/dchest/siphash v1.2.3 h1:QXwFc8cFOR2dSa/gE6o/HokBMWtLUaNDVd+22aKHeEA=
github.com/dchest/siphash v1.2.3/go.mod h1:0NvQU092bT0ipiFN++/rXm69QG9tVxLAlQHIXMPAkHc=
github.com/eyedeekay/unembed v0.0.0-20230123014222-9916b121855b h1:QyCSwbHpkJtKGvIvHsvvlbDkf7/3a8qUlaa4rEr8myQ=
github.com/eyedeekay/unembed v0.0.0-20230123014222-9916b121855b/go.mod h1:A6dZU88muI132XMrmdM0+cc2yIuwmhwgRfyrU54DjPc=
github.com/felixge/httpsnoop v1.1.0 h1:3YtUj32ZZkqZtt3sZZsClsymw/QDuVfpNhoA31zeORc=
github.com/felixge/httpsnoop v1.1.0/go.mod h1:Zqxgdd+1Rkcz8euOqdr7lqgCRJztwr5hp9vDSi5UZCE=
github.com/frankban/quicktest v1.14.6 h1:7Xjx+VpznH+oBnejlPUj8oUpdxnVs4f8XU8WnHkI4W8=
github.com/frankban/quicktest v1.14.6/go.mod h1:4ptaffx2x8+WTWXmUCuVU6aPUX1/Mz7zb5vbUoiM6w0=
github.com/fsnotify/fsnotify v1.10.1 h1:b0/UzAf9yR5rhf3RPm9gf3ehBPpf0oZKIjtpKrx59Ho=
github.com/fsnotify/fsnotify v1.10.1/go.mod h1:TLheqan6HD6GBK6PrDWyDPBaEV8LspOxvPSjC+bVfgo=
github.com/gabriel-vasile/mimetype v1.4.15 h1:05iP/CYtZ/w455R/KZM6rZ5ieAdh99UPtd+d3YzLmaI=
github.com/gabriel-vasile/mimetype v1.4.15/go.mod h1:azpTcoLcDZRNgFou5j+APrqQx9HqVPWa6ijYQIIVswQ=
github.com/go-acme/lego/v4 v4.35.2 h1:uVQg+KC/yj9R2g7Q9W5wDqhvQvxV5SMu5eqFVoN5xZU=
github.com/go-acme/lego/v4 v4.35.2/go.mod h1:pX2jN5n8OphMGY1IaMjYm5DAEzguBaKRt8AvJAgJXpc=
github.com/go-i2p/checki2cp v0.0.0-20260908193706-7428dbea70a6 h1:iOJGtHjVJnaME/B6c9UMUAfB6xgEERJ13m9EFcUHjhA=
github.com/go-i2p/checki2cp v0.0.0-20260908193706-7428dbea70a6/go.mod h1:HrMVrLCaNOM8pXGbRoOC+YjRdrXr8k5sU4+I3VbZOuM=
github.com/go-i2p/common v0.1.60000-0.20260701134558-e5f5cf65a7f5 h1:bseTqmqftT/XB/lM1dXwHp/pf/RJxB8Fc8sKCBxepRY=
github.com/go-i2p/common v0.1.60000-0.20260701134558-e5f5cf65a7f5/go.mod h1:a0sW2Q7N14cAxX+/KijWisaZ3BNUQJZyxvsZEADPN9o=
github.com/go-i2p/crypto v0.1.60000-0.20260701135847-3ade996b68a0 h1:rfVnbHfeTMEGto3hUhEHpqFS3EU/COGDntCtq0T6T4c=
github.com/go-i2p/crypto v0.1.60000-0.20260701135847-3ade996b68a0/go.mod h1:W9U1KpOk0yp2DsybM8zA0rBVCiqfK/9QkBqosegXkfA=
github.com/go-i2p/elgamal v0.1.60000-0.20260701131626-b5c8141026fc h1:giOkER76Ac3mRBxR9E1SshqLEU73ys50hw5XRHcnq4U=
github.com/go-i2p/elgamal v0.1.60000-0.20260701131626-b5c8141026fc/go.mod h1:kB4tWTyeTkycDUAlFYhd17H8Lth0ugSA0PH4/YJArrQ=
github.com/go-i2p/go-datagrams v0.1.67 h1:bsjuuN7dgN/f3uSkjc5ehpTG194rLEpzAeVBGMfyzUA=
github.com/go-i2p/go-datagrams v0.1.67/go.mod h1:iw6aHpWXmU6IM2QdLzIC8Ot7dOExRS02rxQ3fAs++hQ=
github.com/go-i2p/go-i2cp v0.1.60000-0.20260701134816-aa86eb2db4a5 h1:xVDQKxFy5Dwo68HmvRsWggtfE1/hCClYhiUYkBVstWg=
github.com/go-i2p/go-i2cp v0.1.60000-0.20260701134816-aa86eb2db4a5/go.mod h1:KPJdoMwVE6QyE2Bqm/03zj/xKASCrycv/accVlN4/ho=
github.com/go-i2p/go-i2p v0.1.67 h1:fN+KSnINL6BCZReJWEQoVG57Fkx4VMUlKIDV0XP9VXc=
github.com/go-i2p/go-i2p v0.1.67/go.mod h1:Ci3iq3JEKkdiJE3W3FfhM3b7zEAwef1RmbH/pIRlS/0=
github.com/go-i2p/go-nat-listener v0.1.68 h1:b93dZF8fJhCO+F0E1JVuBPUJJypOGvFPUCgqOU/tLfY=
github.com/go-i2p/go-nat-listener v0.1.68/go.mod h1:yHYD4Fo8E0ndPyBPeDgQjgx/yAm7SeyaCMjMuDIYtK4=
github.com/go-i2p/go-noise v0.1.60000-0.20260701134708-a15c74fe448e h1:SoNalIHW8NpLlV5a92uSl2XKFL9ZqHIP/rSeXlPxk70=
github.com/go-i2p/go-noise v0.1.60000-0.20260701134708-a15c74fe448e/go.mod h1:UjkutokkrU5wytJbyCsqq+e3SnDArEkyMJNAruv2wG8=
github.com/go-i2p/go-sam-bridge v0.1.67 h1:MO3VFZlxlAQSEtDNGxlPElNV7Cr6F+i8tb5TXPwdDng=
github.com/go-i2p/go-sam-bridge v0.1.67/go.mod h1:EUoJpbISLtofY4pbs4+G/f9q9DCbCd+pWMv3CZEwsHM=
github.com/go-i2p/go-streaming v0.1.67 h1:uPM19+lkDOlEj39a4C7x0NGuK14cGPiS1PbR1kMGZ2w=
github.com/go-i2p/go-streaming v0.1.67/go.mod h1:NRJ6OKNu++rKAUs4oHaB9pnNmX17Z7/Cg7aHO0F/lTA=
github.com/go-i2p/go-unzip v0.0.0-20260908193701-6ecb33740b07 h1:rkMmmGV2n/jiu4ryYQHKVsirVeT8o3xy0MyDz+jj6so=
github.com/go-i2p/go-unzip v0.0.0-20260908193701-6ecb33740b07/go.mod h1:ect8EyQRJWQNjUG4kM+OOlXzSzvsoTcpoE6p0/0EGc4=
github.com/go-i2p/i2pkeys v0.0.0-20241108200332-e4f5ccdff8c4/go.mod h1:m5TlHjPZrU5KbTd7Lr+I2rljyC6aJ88HdkeMQXV0U0E=
github.com/go-i2p/i2pkeys v0.33.92 h1:e2vx3vf7tNesaJ8HmAlGPOcfiGM86jzeIGxh27I9J2Y=
github.com/go-i2p/i2pkeys v0.33.92/go.mod h1:BRURQ/twxV0WKjZlFSKki93ivBi+MirZPWudfwTzMpE=
github.com/go-i2p/logger v0.1.60000-0.20260701134448-2648c3b0e040 h1:+a8ZBh5vNWbQE4+bSSVGtDTTMVfKV/rLVyYAaGUp8ME=
github.com/go-i2p/logger v0.1.60000-0.20260701134448-2648c3b0e040/go.mod h1:hImCA+uIhYMZ9A6zyBezgdWJ9L5Nx+eEYCO74epGzts=
github.com/go-i2p/noise v1.1.1-0.20260612013029-6d1ef3427561 h1:ygcYOpsJO6hvWjEzv4e4lPHvUqQ7d38syI4ar2cMWLU=
github.com/go-i2p/noise v1.1.1-0.20260612013029-6d1ef3427561/go.mod h1:/79lUu1iKd1yW+zqLI7QjY2MUpsGkGStKM7XVDxPeEc=
github.com/go-i2p/onramp v0.33.92 h1:Dk3A0SGpdEw829rSjW2LqN8o16pUvuhiN0vn36z7Gpc=
github.com/go-i2p/onramp v0.33.92/go.mod h1:5sfB8H2xk05gAS2K7XAUZ7ekOfwGJu3tWF0fqdXzJG4=
github.com/go-i2p/path v0.1.60000-0.20260701134624-ee3ce0cb2483 h1:+C9eq876dFpYRLHTptRis/DkSi3iAmybPvGE0NQAvtU=
github.com/go-i2p/path v0.1.60000-0.20260701134624-ee3ce0cb2483/go.mod h1:0ki67QvmEWxAP1HjuFxFpUjM43fF+zQlwMabEtRNCzU=
github.com/go-i2p/pool v0.1.60000-0.20260701134610-0724f29e205d h1:1uZ0WrtAZKD4Beob78Da/kamtYZD459ePaeEqTsIpK0=
github.com/go-i2p/pool v0.1.60000-0.20260701134610-0724f29e205d/go.mod h1:MMjpS33moUYHsl1zFz/L92YXIEofA0lQ5M9UYtxT68o=
github.com/go-i2p/red25519 v0.0.0-20260908204607-9444de34c638 h1:qMdNOzEfiH5DG6GlouH5NTY81Pb+F0zXj7g+QSLbeBE=
github.com/go-i2p/red25519 v0.0.0-20260908204607-9444de34c638/go.mod h1:e0PaWlQK0VFAfzObDxhpZNplzeKrwgDP7pD7upl5+Pw=
github.com/go-i2p/sam3 v0.33.92 h1:TVpi4GH7Yc7nZBiE1QxLjcZfnC4fI/80zxQz1Rk36BA=
github.com/go-i2p/sam3 v0.33.92/go.mod h1:oDuV145l5XWKKafeE4igJHTDpPwA0Yloz9nyKKh92eo=
github.com/go-i2p/su3 v0.1.60000-0.20260701134531-62efdb4e3f71 h1:NUq8/JjNs0dQqQazonfGdXASrGQjWruWQESMuf1I79s=
github.com/go-i2p/su3 v0.1.60000-0.20260701134531-62efdb4e3f71/go.mod h1:2A2oJRn37CYLShbQ0gbOZcqW1h7IBjz52BbVx9lKWpM=
github.com/go-jose/go-jose/v4 v4.1.5 h1:RjgjO2LOtWOJKUC5wpwY9LR3B3vwVAz6JS2YHfYU6eA=
github.com/go-jose/go-jose/v4 v4.1.5/go.mod h1:x4oUasVrzR7071A4TnHLGSPpNOm2a21K9Kf04k1rs08=
github.com/go-viper/mapstructure/v2 v2.5.0 h1:vM5IJoUAy3d7zRSVtIwQgBj7BiWtMPfmPEgAXnvj1Ro=
github.com/go-viper/mapstructure/v2 v2.5.0/go.mod h1:oJDH3BJKyqBA2TXFhDsKDGDTlndYOZ6rGS0BRZIxGhM=
github.com/gomodule/redigo v2.0.0+incompatible h1:K/R+8tc58AaqLkqG2Ol3Qk+DR/TlNuhuh457pBFPtt0=
github.com/gomodule/redigo v2.0.0+incompatible/go.mod h1:B4C85qUVwatsJoIUNIfCRsp7qO0iAmpGFZ4EELWSbC4=
github.com/google/go-cmp v0.7.0 h1:wk8382ETsv4JYUZwIsn6YpYiWiBsYLSJiTsyBybVuN8=
github.com/google/go-cmp v0.7.0/go.mod h1:pXiqmnSA92OHEEa9HXL2W4E7lf9JzCmGVUdgjX3N/iU=
github.com/gorilla/handlers v1.5.2 h1:cLTUSsNkgcwhgRqvCNmdbRWG0A3N4F+M2nWKdScwyEE=
github.com/gorilla/handlers v1.5.2/go.mod h1:dX+xVpaxdSw+q0Qek8SSsl3dfMk3jNddUkMzo0GtH0w=
github.com/hashicorp/golang-lru v1.0.2 h1:dV3g9Z/unq5DpblPpw+Oqcv4dU/1omnb4Ok8iPY6p1c=
github.com/hashicorp/golang-lru v1.0.2/go.mod h1:iADmTwqILo4mZ8BN3D2Q6+9jd8WM5uGBxy+E8yxSoD4=
github.com/hashicorp/golang-lru/v2 v2.0.7 h1:a+bsQ5rvGLjzHuww6tVxozPZFVghXaHOwFs4luLUK2k=
github.com/hashicorp/golang-lru/v2 v2.0.7/go.mod h1:QeFd9opnmA6QUJc5vARoKUSoFhyfM2/ZepoAG6RGpeM=
github.com/huin/goupnp v1.3.0 h1:UvLUlWDNpoUdYzb2TCn+MuTWtcjXKSza2n6CBdQ0xXc=
github.com/huin/goupnp v1.3.0/go.mod h1:gnGPsThkYa7bFi/KWmEysQRf48l2dvR5bxr2OFckNX8=
github.com/jackpal/go-nat-pmp v1.1.0 h1:UInMLPV1VQdP860ggNiz0YxGvJH/bWzxL099y+1EdCs=
github.com/jackpal/go-nat-pmp v1.1.0/go.mod h1:m9o4DK1wHA4h2pPpErD5vwzWLf91tJcfNQ3QyUIbh5A=
github.com/justinas/alice v1.2.0 h1:+MHSA/vccVCF4Uq37S42jwlkvI2Xzl7zTPCN5BnZNVo=
github.com/justinas/alice v1.2.0/go.mod h1:fN5HRH/reO/zrUflLfTN43t3vXvKzvZIENsNEe7i7qA=
github.com/kr/pretty v0.3.1 h1:flRD4NNwYAUpkphVc1HcthR4KEIFJ65n8Mw5qdRn3LE=
github.com/kr/pretty v0.3.1/go.mod h1:hoEshYVHaxMs3cyo3Yncou5ZscifuDolrwPKZanG3xk=
github.com/kr/text v0.2.0 h1:5Nx0Ya0ZqY2ygV366QzturHI13Jq95ApcVaJBhpS+AY=
github.com/kr/text v0.2.0/go.mod h1:eLer722TekiGuMkidMxC/pM04lWEeraHUUmBw8l2grE=
github.com/miekg/dns v1.1.73 h1:uhT8nJxmTrPJYClxVxTCX+CVn6qnzSiybRk72Z6DgrE=
github.com/miekg/dns v1.1.73/go.mod h1:RW2Obtfd5NZHvOFe3zYG0W8koWOQtAzyHaLo8vASBuQ=
github.com/oklog/ulid/v2 v2.1.2 h1:IEclFb9JNvzYA6MW2SCxbLzcHTVsfqm3PrqGQJH5zec=
github.com/oklog/ulid/v2 v2.1.2/go.mod h1:rcEKHmBBKfef9DhnvX7y1HZBYxjXb0cP5ExxNsTT1QQ=
github.com/otiai10/copy v1.14.1 h1:5/7E6qsUMBaH5AnQ0sSLzzTg1oTECmcCmT6lvF45Na8=
github.com/otiai10/copy v1.14.1/go.mod h1:oQwrEDDOci3IM8dJF0d8+jnbfPDllW6vUjNc3DoZm9I=
github.com/otiai10/mint v1.6.3 h1:87qsV/aw1F5as1eH1zS/yqHY85ANKVMgkDrf9rcxbQs=
github.com/otiai10/mint v1.6.3/go.mod h1:MJm72SBthJjz8qhefc4z1PYEieWmy8Bku7CjcAqyUSM=
github.com/pborman/getopt v0.0.0-20170112200414-7148bc3a4c30/go.mod h1:85jBQOZwpVEaDAr341tbn15RS4fCAsIst0qp7i8ex1o=
github.com/pelletier/go-toml/v2 v2.4.3 h1:GTRvJQutkOSftxIFD5xw9aepkYNuPWmVJpffdDPYVpY=
github.com/pelletier/go-toml/v2 v2.4.3/go.mod h1:2gIqNv+qfxSVS7cM2xJQKtLSTLUE9V8t9Stt+h56mCY=
github.com/pmezard/go-difflib v1.0.0/go.mod h1:iKH77koFhYxTK1pcRnkKkqfTogsbg7gZNVY4sRDYZ/4=
github.com/rglonek/untar v0.0.1 h1:fI1QmP07eQvOgudrUP/NDUCob56JuAYlLDknxX8485A=
github.com/rglonek/untar v0.0.1/go.mod h1:yq/FZcge2BBdmPQEShskttgtHZG+LOtiHZyXknL54a0=
github.com/rogpeppe/go-internal v1.14.1 h1:UQB4HGPB6osV0SQTLymcB4TgvyWu6ZyliaW0tI/otEQ=
github.com/rogpeppe/go-internal v1.14.1/go.mod h1:MaRKkUm5W0goXpeCfT7UZI6fk/L7L7so1lCWt35ZSgc=
github.com/russross/blackfriday/v2 v2.1.0 h1:JIOH55/0cWyOuilr9/qlrm0BSXldqnqwMsf35Ld67mk=
github.com/russross/blackfriday/v2 v2.1.0/go.mod h1:+Rmxgy9KzJVeS9/2gXHxylqXiyQDYRxCVz55jmeOWTM=
github.com/sagikazarmark/locafero v0.12.0 h1:/NQhBAkUb4+fH1jivKHWusDYFjMOOKU88eegjfxfHb4=
github.com/sagikazarmark/locafero v0.12.0/go.mod h1:sZh36u/YSZ918v0Io+U9ogLYQJ9tLLBmM4eneO6WwsI=
github.com/samber/lo v1.53.0 h1:t975lj2py4kJPQ6haz1QMgtId2gtmfktACxIXArw3HM=
github.com/samber/lo v1.53.0/go.mod h1:4+MXEGsJzbKGaUEQFKBq2xtfuznW9oz/WrgyzMzRoM0=
github.com/samber/oops v1.23.1 h1:QKkdrmSTr46B2u+FoQnUJ8dtp0an/yHKvytWHCTEba8=
github.com/samber/oops v1.23.1/go.mod h1:LO+VjrupgloQZ3CrXnhWqOWYARz8lY4EM+RHGzb3UJI=
github.com/sirupsen/logrus v1.9.3/go.mod h1:naHLuLoDiP4jHNo9R0sCBMtWGeIprob74mVsIT4qYEQ=
github.com/sirupsen/logrus v1.10.2 h1:G2SED73/qrAu6YwbdxOD6peLkCBI3z7L+ykJFTXJBBo=
github.com/sirupsen/logrus v1.10.2/go.mod h1:SLEg8TqYulVKKfIGHldVp2K2aYz2DKSVBq4g/H5bR7Q=
github.com/spf13/afero v1.15.0 h1:b/YBCLWAJdFWJTN9cLhiXXcD7mzKn9Dm86dNnfyQw1I=
github.com/spf13/afero v1.15.0/go.mod h1:NC2ByUVxtQs4b3sIUphxK0NioZnmxgyCrfzeuq8lxMg=
github.com/spf13/cast v1.10.0 h1:h2x0u2shc1QuLHfxi+cTJvs30+ZAHOGRic8uyGTDWxY=
github.com/spf13/cast v1.10.0/go.mod h1:jNfB8QC9IA6ZuY2ZjDp0KtFO2LZZlg4S/7bzP6qqeHo=
github.com/spf13/pflag v1.0.10 h1:4EBh2KAYBwaONj6b2Ye1GiHfwjqyROoF4RwYO+vPwFk=
github.com/spf13/pflag v1.0.10/go.mod h1:McXfInJRrz4CZXVZOBLb0bTZqETkiAhM9Iw0y3An2Bg=
github.com/spf13/viper v1.21.0 h1:x5S+0EU27Lbphp4UKm1C+1oQO+rKx36vfCoaVebLFSU=
github.com/spf13/viper v1.21.0/go.mod h1:P0lhsswPGWD/1lZJ9ny3fYnVqxiegrlNrEmgLjbTCAY=
github.com/stretchr/objx v0.1.0/go.mod h1:HFkY916IF+rwdDfMAkV7OtwuqBVzrE8GR6GFx+wExME=
github.com/stretchr/testify v1.7.0/go.mod h1:6Fq8oRcR53rry900zMqJjRRixrwX3KX962/h/Wwjteg=
github.com/stretchr/testify v1.12.1 h1:EuwCh5fleGS7H32xRwO3wRGT7DxrDhLAT6FF8MpWDWE=
github.com/stretchr/testify v1.12.1/go.mod h1:MDEgiDPPsNp5cuIrHPPCyornHKgEVbtFUmoNlxoYthg=
github.com/subosito/gotenv v1.6.0 h1:9NlTDc1FTs4qu0DDq7AEtTPNw6SVm7uBMsUCUjABIf8=
github.com/subosito/gotenv v1.6.0/go.mod h1:Dk4QP5c2W3ibzajGcXpNraDfq2IrhjMIvMSWPKKo0FU=
github.com/throttled/throttled/v2 v2.15.0 h1:7XLCECtmEx+Yz/e5opBNff9cPGpH0ia0xEj5kyDPotI=
github.com/throttled/throttled/v2 v2.15.0/go.mod h1:JlfSSSYoM/bjFoW2sCATGxJJXggjO67DFQu9xduGAWE=
github.com/urfave/cli/v3 v3.11.0 h1:P/euJp99kb9p0tlVY+iYTLYYTAQlfl0hR2gUO1Img1Q=
github.com/urfave/cli/v3 v3.11.0/go.mod h1:ysVLtOEmg2tOy6PknnYVhDoouyC/6N42TMeoMzskhso=
gitlab.com/golang-commonmark/html v0.0.0-20191124015941-a22733972181 h1:K+bMSIx9A7mLES1rtG+qKduLIXq40DAzYHtb0XuCukA=
gitlab.com/golang-commonmark/html v0.0.0-20191124015941-a22733972181/go.mod h1:dzYhVIwWCtzPAa4QP98wfB9+mzt33MSmM8wsKiMi2ow=
gitlab.com/golang-commonmark/linkify v0.0.0-20191026162114-a0c2df6c8f82/go.mod h1:Gn+LZmCrhPECMD3SOKlE+BOHwhOYD9j7WT9NUtkCrC8=
gitlab.com/golang-commonmark/linkify v0.0.0-20200225224916-64bca66f6ad3 h1:1Coh5BsUBlXoEJmIEaNzVAWrtg9k7/eJzailMQr1grw=
gitlab.com/golang-commonmark/linkify v0.0.0-20200225224916-64bca66f6ad3/go.mod h1:Gn+LZmCrhPECMD3SOKlE+BOHwhOYD9j7WT9NUtkCrC8=
gitlab.com/golang-commonmark/markdown v0.0.0-20211110145824-bf3e522c626a h1:O85GKETcmnCNAfv4Aym9tepU8OE0NmcZNqPlXcsBKBs=
gitlab.com/golang-commonmark/markdown v0.0.0-20211110145824-bf3e522c626a/go.mod h1:LaSIs30YPGs1H5jwGgPhLzc8vkNc/k0rDX/fEZqiU/M=
gitlab.com/golang-commonmark/mdurl v0.0.0-20191124015652-932350d1cb84 h1:qqjvoVXdWIcZCLPMlzgA7P9FZWdPGPvP/l3ef8GzV6o=
gitlab.com/golang-commonmark/mdurl v0.0.0-20191124015652-932350d1cb84/go.mod h1:IJZ+fdMvbW2qW6htJx7sLJ04FEs4Ldl/MDsJtMKywfw=
gitlab.com/golang-commonmark/puny v0.0.0-20191124015043-9f83538fa04f h1:Wku8eEdeJqIOFHtrfkYUByc4bCaTeA6fL0UJgfEiFMI=
gitlab.com/golang-commonmark/puny v0.0.0-20191124015043-9f83538fa04f/go.mod h1:Tiuhl+njh/JIg0uS/sOJVYi0x2HEa5rc1OAaVsb5tAs=
gitlab.com/opennota/wd v0.0.0-20180912061657-c5d65f63c638 h1:uPZaMiz6Sz0PZs3IZJWpU5qHKGNy///1pacZC9txiUI=
gitlab.com/opennota/wd v0.0.0-20180912061657-c5d65f63c638/go.mod h1:EGRJaqe2eO9XGmFtQCvV3Lm9NLico3UhFwUpCG/+mVU=
go.opentelemetry.io/otel v1.46.0 h1:FHt5/CDyVxi/8IM1CH7VE/rRgq3kLHa2mSTVMO8AWyc=
go.opentelemetry.io/otel v1.46.0/go.mod h1:Gj3SEScelsNC45tp4nSxRYlS+f5iez7W8XPMCt905kE=
go.opentelemetry.io/otel/trace v1.46.0 h1:OULy7ccdJnZtJ0UDYFOIGaCmiWzJ8Vi2G/Rsu60qs1c=
go.opentelemetry.io/otel/trace v1.46.0/go.mod h1:J7GAXweO77XSFkB/rmAqk9D6ihszhFjLU+d9WuUxDLI=
go.step.sm/crypto v0.90.0 h1:ZEWK0Ly0RyEC2S2OP1+N/SRbTRU+sW7go0tttHgyXkw=
go.step.sm/crypto v0.90.0/go.mod h1:dgT4uZ4cClpjCi6HZZAmLomgn5tOfpHTqb34lTFN2PQ=
go.yaml.in/yaml/v3 v3.0.5 h1:N6y/pJk8buWs9NY5ERU2HSMfm+IuD/OtfdAnq6kESPw=
go.yaml.in/yaml/v3 v3.0.5/go.mod h1:HVTZu1O7/Vkt2N+BFy8Zza+lnLsABggaTM2ZpNIGuKg=
golang.org/x/crypto v0.0.0-20210513164829-c07d793c2f9a/go.mod h1:P+XmwS30IXTQdn5tA2iutPOUgjI07+tq3H3K9MVA1s8=
golang.org/x/crypto v0.57.0 h1:3ZVCjf8Ggz7zneR/EHRVx68Ctf+2pmIMP2UFhh9cC6M=
golang.org/x/crypto v0.57.0/go.mod h1:Fdz0i5U6CoizGwLda9DttjSk6qlZo25zYNtR+ycvuZA=
golang.org/x/net v0.0.0-20210226172049-e18ecbb05110/go.mod h1:m0MpNAwzfU5UDzcl9v0D8zg8gWTRqZa9RBIspLL5mdg=
golang.org/x/net v0.0.0-20210525063256-abc453219eb5/go.mod h1:9nx3DQGgdP8bBQD5qxJ1jj9UTztislL4KSBs9R2vV5Y=
golang.org/x/net v0.59.0 h1:5zfYln+w5XCxwrnMMJPufRgNoXEaGxl0wo5GqPXyues=
golang.org/x/net v0.59.0/go.mod h1:2DA/G1UfVbCpQPeWTmMPGY7Cs2PkBkwu743bVX5PIVg=
golang.org/x/sync v0.0.0-20210220032951-036812b2e83c/go.mod h1:RxMgew5VJxzue5/jJTE5uejpjVlOe/izrB70Jof72aM=
golang.org/x/sync v0.23.0 h1:KameEIfc1IkluZyXWLn39Wd4tURc6GbCiISGiZm2bQk=
golang.org/x/sync v0.23.0/go.mod h1:sUUOizhqBxiL6pEWpqNLUiaJn1ShEbZ6BBqskPbjZm0=
golang.org/x/sys v0.0.0-20201119102817-f84b799fce68/go.mod h1:h1NjWce9XRLGQEsW7wpKNCjG9DtNlClVuFLEZdDNbEs=
golang.org/x/sys v0.0.0-20210423082822-04245dca01da/go.mod h1:h1NjWce9XRLGQEsW7wpKNCjG9DtNlClVuFLEZdDNbEs=
golang.org/x/sys v0.0.0-20220715151400-c0bba94af5f8/go.mod h1:oPkhp1MJrh7nUepCBck5+mAzfO9JrbApNNgaTdGDITg=
golang.org/x/sys v0.27.0/go.mod h1:/VUhepiaJMQUp4+oa/7Zr1D23ma6VTLIYjOOTFZPUcA=
golang.org/x/sys v0.48.0 h1:bbX/i/6MgT9BVLM9RT1thmxL04yeTAhbEz4SyadbXoo=
golang.org/x/sys v0.48.0/go.mod h1:hNLxWAXmnKAxqDtdwIYC4bM9oQPEecfsnNMuSxOs3og=
golang.org/x/term v0.0.0-20201126162022-7de9c90e9dd1/go.mod h1:bj7SfCRtBDWHUb9snDiAeCFNEtKQo2Wmx5Cou7ajbmo=
golang.org/x/text v0.3.2/go.mod h1:bEr9sfX3Q8Zfm5fL9x+3itogRgK3+ptLWKqgva+5dAk=
golang.org/x/text v0.3.3/go.mod h1:5Zoc/QRtKVWzQhOtBMvqHzDpF6irO9z98xDceosuGiQ=
golang.org/x/text v0.3.6/go.mod h1:5Zoc/QRtKVWzQhOtBMvqHzDpF6irO9z98xDceosuGiQ=
golang.org/x/text v0.42.0 h1:JbOZXgfeCPU9gacVtYliJqOhD+zhrEqK4LfdpmlUZqI=
golang.org/x/text v0.42.0/go.mod h1:ojzP1Z+2QtioaF8DTtO8K5q7JWVVYwZKenzujK0Zd0E=
golang.org/x/time v0.16.0 h1:vMb6ptszcQMkcwiRTAuNNU50gom6++Q/6gY2hDM6VDE=
golang.org/x/time v0.16.0/go.mod h1:rVKOqvZeKvrDKTQiAHJ7wmwP0RzleSphoEA9RcdLA0s=
golang.org/x/tools v0.0.0-20180917221912-90fa682c2a6e/go.mod h1:n7NCudcB/nEzxVGmLbDWY5pfWTLqBcC2KZ6jyYvM4mQ=
gopkg.in/check.v1 v0.0.0-20161208181325-20d25e280405/go.mod h1:Co6ibVJAznAaIkqp8huTwlJQCZ016jof/cbN4VW5Yz0=
gopkg.in/check.v1 v1.0.0-20201130134442-10cb98267c6c h1:Hei/4ADfdWqJk1ZMxUNpqntNwaWcugrBjAiHlqqRiVk=
gopkg.in/check.v1 v1.0.0-20201130134442-10cb98267c6c/go.mod h1:JHkPIbrfpd72SG/EVd6muEfDQjcINNoR0C8j2r3qZ4Q=
gopkg.in/yaml.v3 v3.0.0-20200313102051-9f266ea9e77c/go.mod h1:K4uyk7z7BCEPqu6E+C64Yfv1cQ7kz7rIZviUmN+EgEM=
